
Microsoft Visual Studio Solution File, Format Version 12.00
# Visual Studio Version 17
VisualStudioVersion = 17.7.34221.43
MinimumVisualStudioVersion = 10.0.40219.1
Project("{9A19103F-16F7-4668-BE54-9A1E7A4F7556}") = "InventoryManagementSystem", "InventoryManagementSystem\InventoryManagementSystem.csproj", "{0C5390B4-E752-4D9D-8275-BA7A5ECDD052}"
EndProject
Project("{9A19103F-16F7-4668-BE54-9A1E7A4F7556}") = "InventoryManagement.Tests", "InventoryManagement.Tests\InventoryManagement.Tests.csproj", "{2A1F20CE-C77D-4668-9CF5-F2A22CFC41E0}"
EndProject
Project("{FAE04EC0-301F-11D3-BF4B-00C04F79EFBC}") = "CommonServices", "CommonServices\CommonServices.csproj", "{D49D5BDB-A0AF-4AE5-829E-3E2214722B56}"
EndProject
Global
	GlobalSection(SolutionConfigurationPlatforms) = preSolution
		Debug|Any CPU = Debug|Any CPU
		Release|Any CPU = Release|Any CPU
	EndGlobalSection
	GlobalSection(ProjectConfigurationPlatforms) = postSolution
		{0C5390B4-E752-4D9D-8275-BA7A5ECDD052}.Debug|Any CPU.ActiveCfg = Debug|Any CPU
		{0C5390B4-E752-4D9D-8275-BA7A5ECDD052}.Debug|Any CPU.Build.0 = Debug|Any CPU
		{0C5390B4-E752-4D9D-8275-BA7A5ECDD052}.Release|Any CPU.ActiveCfg = Release|Any CPU
		{0C5390B4-E752-4D9D-8275-BA7A5ECDD052}.Release|Any CPU.Build.0 = Release|Any CPU
		{2A1F20CE-C77D-4668-9CF5-F2A22CFC41E0}.Debug|Any CPU.ActiveCfg = Debug|Any CPU
		{2A1F20CE-C77D-4668-9CF5-F2A22CFC41E0}.Debug|Any CPU.Build.0 = Debug|Any CPU
		{2A1F20CE-C77D-4668-9CF5-F2A22CFC41E0}.Release|Any CPU.ActiveCfg = Release|Any CPU
		{2A1F20CE-C77D-4668-9CF5-F2A22CFC41E0}.Release|Any CPU.Build.0 = Release|Any CPU
		{D49D5BDB-A0AF-4AE5-829E-3E2214722B56}.Debug|Any CPU.ActiveCfg = Debug|Any CPU
		{D49D5BDB-A0AF-4AE5-829E-3E2214722B56}.Debug|Any CPU.Build.0 = Debug|Any CPU
		{D49D5BDB-A0AF-4AE5-829E-3E2214722B56}.Release|Any CPU.ActiveCfg = Release|Any CPU
		{D49D5BDB-A0AF-4AE5-829E-3E2214722B56}.Release|Any CPU.Build.0 = Release|Any CPU
	EndGlobalSection
	GlobalSection(SolutionProperties) = preSolution
		HideSolutionNode = FALSE
	EndGlobalSection
	GlobalSection(ExtensibilityGlobals) = postSolution
		SolutionGuid = {263B82FB-097E-4FCE-A762-2C965F5FD76C}
	EndGlobalSection
EndGlobal
